
Microsoft Visual Studio Solution File, Format Version 12.00
# Visual Studio Version 17
VisualStudioVersion = 17.0.32112.339
MinimumVisualStudioVersion = 10.0.40219.1
Project("{8BC9CEB8-8B4A-11D0-8D11-00A0C91BC942}") = "MyOwnList", "MyOwnList.vcxproj", "{B4220F14-05CB-45F6-A409-63C8873D963B}"
EndProject
Global
	GlobalSection(SolutionConfigurationPlatforms) = preSolution
		Debug|x64 = Debug|x64
		Debug|x86 = Debug|x86
		Release|x64 = Release|x64
		Release|x86 = Release|x86
	EndGlobalSection
	GlobalSection(ProjectConfigurationPlatforms) = postSolution
		{B4220F14-05CB-45F6-A409-63C8873D963B}.Debug|x64.ActiveCfg = Debug|x64
		{B4220F14-05CB-45F6-A409-63C8873D963B}.Debug|x64.Build.0 = Debug|x64
		{B4220F14-05CB-45F6-A409-63C8873D963B}.Debug|x86.ActiveCfg = Debug|Win32
		{B4220F14-05CB-45F6-A409-63C8873D963B}.Debug|x86.Build.0 = Debug|Win32
		{B4220F14-05CB-45F6-A409-63C8873D963B}.Release|x64.ActiveCfg = Release|x64
		{B4220F14-05CB-45F6-A409-63C8873D963B}.Release|x64.Build.0 = Release|x64
		{B4220F14-05CB-45F6-A409-63C8873D963B}.Release|x86.ActiveCfg = Release|Win32
		{B4220F14-05CB-45F6-A409-63C8873D963B}.Release|x86.Build.0 = Release|Win32
	EndGlobalSection
	GlobalSection(SolutionProperties) = preSolution
		HideSolutionNode = FALSE
	EndGlobalSection
	GlobalSection(ExtensibilityGlobals) = postSolution
		SolutionGuid = {1A878ECF-B2A4-4EE5-A626-DBEABD63AE15}
	EndGlobalSection
EndGlobal
